
Microsoft Visual Studio Solution File, Format Version 12.00
# Visual Studio Version 17
VisualStudioVersion = 17.9.34728.123
MinimumVisualStudioVersion = 10.0.40219.1
Project("{9A19103F-16F7-4668-BE54-9A1E7A4F7556}") = "cpq-ui-master", "gehc-cpq-ui-master\cpq-ui-master.csproj", "{643B4273-D8BC-4997-83CF-0532B3CFEE37}"
EndProject
Global
	GlobalSection(SolutionConfigurationPlatforms) = preSolution
		Debug|Any CPU = Debug|Any CPU
		Release|Any CPU = Release|Any CPU
	EndGlobalSection
	GlobalSection(ProjectConfigurationPlatforms) = postSolution
		{643B4273-D8BC-4997-83CF-0532B3CFEE37}.Debug|Any CPU.ActiveCfg = Debug|Any CPU
		{643B4273-D8BC-4997-83CF-0532B3CFEE37}.Debug|Any CPU.Build.0 = Debug|Any CPU
		{643B4273-D8BC-4997-83CF-0532B3CFEE37}.Release|Any CPU.ActiveCfg = Release|Any CPU
		{643B4273-D8BC-4997-83CF-0532B3CFEE37}.Release|Any CPU.Build.0 = Release|Any CPU
	EndGlobalSection
	GlobalSection(SolutionProperties) = preSolution
		HideSolutionNode = FALSE
	EndGlobalSection
	GlobalSection(ExtensibilityGlobals) = postSolution
		SolutionGuid = {568D862A-1322-4EFF-A264-AB156025519B}
	EndGlobalSection
EndGlobal
